// !$*UTF8*$!
{
	archiveVersion = 1;
	classes = {
	};
	objectVersion = 50;
	objects = {

/* Begin PBXBuildFile section */
		1B2BC81C5F3763225F4DCF20 /* Pods_yhnote.framework in Frameworks */ = {isa = PBXBuildFile; fileRef = F964C6BB2C5F9F723390CD0D /* Pods_yhnote.framework */; };
		89B74E05219D34B300ACEF4E /* AppDelegate.swift in Sources */ = {isa = PBXBuildFile; fileRef = 89B74E04219D34B300ACEF4E /* AppDelegate.swift */; };
		89B74E07219D34B300ACEF4E /* ViewController.swift in Sources */ = {isa = PBXBuildFile; fileRef = 89B74E06219D34B300ACEF4E /* ViewController.swift */; };
		89B74E0A219D34B300ACEF4E /* Main.storyboard in Resources */ = {isa = PBXBuildFile; fileRef = 89B74E08219D34B300ACEF4E /* Main.storyboard */; };
		89B74E0C219D34B600ACEF4E /* Assets.xcassets in Resources */ = {isa = PBXBuildFile; fileRef = 89B74E0B219D34B600ACEF4E /* Assets.xcassets */; };
		89B74E0F219D34B600ACEF4E /* LaunchScreen.storyboard in Resources */ = {isa = PBXBuildFile; fileRef = 89B74E0D219D34B600ACEF4E /* LaunchScreen.storyboard */; };
		89B74E1A219D3FF800ACEF4E /* CalculationController.swift in Sources */ = {isa = PBXBuildFile; fileRef = 89B74E19219D3FF800ACEF4E /* CalculationController.swift */; };
		89B74E1E219D433500ACEF4E /* SPNoticeView.swift in Sources */ = {isa = PBXBuildFile; fileRef = 89B74E1D219D433500ACEF4E /* SPNoticeView.swift */; };
		89B74E21219D435A00ACEF4E /* SPCommon.swift in Sources */ = {isa = PBXBuildFile; fileRef = 89B74E20219D435A00ACEF4E /* SPCommon.swift */; };
		89B74E23219D532F00ACEF4E /* yhnoteHeaders.swift in Sources */ = {isa = PBXBuildFile; fileRef = 89B74E22219D532F00ACEF4E /* yhnoteHeaders.swift */; };
		89B74E26219D56F900ACEF4E /* BaseNavigationController.swift in Sources */ = {isa = PBXBuildFile; fileRef = 89B74E25219D56F900ACEF4E /* BaseNavigationController.swift */; };
/* End PBXBuildFile section */

/* Begin PBXFileReference section */
		53DC6692D5EC2584BAFC8BCE /* Pods-yhnote.debug.xcconfig */ = {isa = PBXFileReference; includeInIndex = 1; lastKnownFileType = text.xcconfig; name = "Pods-yhnote.debug.xcconfig"; path = "Pods/Target Support Files/Pods-yhnote/Pods-yhnote.debug.xcconfig"; sourceTree = "<group>"; };
		5ED6B84CDD76F81E32E8F027 /* Pods-yhnote.release.xcconfig */ = {isa = PBXFileReference; includeInIndex = 1; lastKnownFileType = text.xcconfig; name = "Pods-yhnote.release.xcconfig"; path = "Pods/Target Support Files/Pods-yhnote/Pods-yhnote.release.xcconfig"; sourceTree = "<group>"; };
		89B74E01219D34B300ACEF4E /* yhnote.app */ = {isa = PBXFileReference; explicitFileType = wrapper.application; includeInIndex = 0; path = yhnote.app; sourceTree = BUILT_PRODUCTS_DIR; };
		89B74E04219D34B300ACEF4E /* AppDelegate.swift */ = {isa = PBXFileReference; lastKnownFileType = sourcecode.swift; path = AppDelegate.swift; sourceTree = "<group>"; };
		89B74E06219D34B300ACEF4E /* ViewController.swift */ = {isa = PBXFileReference; lastKnownFileType = sourcecode.swift; path = ViewController.swift; sourceTree = "<group>"; };
		89B74E09219D34B300ACEF4E /* Base */ = {isa = PBXFileReference; lastKnownFileType = file.storyboard; name = Base; path = Base.lproj/Main.storyboard; sourceTree = "<group>"; };
		89B74E0B219D34B600ACEF4E /* Assets.xcassets */ = {isa = PBXFileReference; lastKnownFileType = folder.assetcatalog; path = Assets.xcassets; sourceTree = "<group>"; };
		89B74E0E219D34B600ACEF4E /* Base */ = {isa = PBXFileReference; lastKnownFileType = file.storyboard; name = Base; path = Base.lproj/LaunchScreen.storyboard; sourceTree = "<group>"; };
		89B74E10219D34B600ACEF4E /* Info.plist */ = {isa = PBXFileReference; lastKnownFileType = text.plist.xml; path = Info.plist; sourceTree = "<group>"; };
		89B74E19219D3FF800ACEF4E /* CalculationController.swift */ = {isa = PBXFileReference; lastKnownFileType = sourcecode.swift; path = CalculationController.swift; sourceTree = "<group>"; };
		89B74E1D219D433500ACEF4E /* SPNoticeView.swift */ = {isa = PBXFileReference; fileEncoding = 4; lastKnownFileType = sourcecode.swift; path = SPNoticeView.swift; sourceTree = "<group>"; };
		89B74E20219D435A00ACEF4E /* SPCommon.swift */ = {isa = PBXFileReference; fileEncoding = 4; lastKnownFileType = sourcecode.swift; path = SPCommon.swift; sourceTree = "<group>"; };
		89B74E22219D532F00ACEF4E /* yhnoteHeaders.swift */ = {isa = PBXFileReference; lastKnownFileType = sourcecode.swift; path = yhnoteHeaders.swift; sourceTree = "<group>"; };
		89B74E25219D56F900ACEF4E /* BaseNavigationController.swift */ = {isa = PBXFileReference; lastKnownFileType = sourcecode.swift; path = BaseNavigationController.swift; sourceTree = "<group>"; };
		F964C6BB2C5F9F723390CD0D /* Pods_yhnote.framework */ = {isa = PBXFileReference; explicitFileType = wrapper.framework; includeInIndex = 0; path = Pods_yhnote.framework; sourceTree = BUILT_PRODUCTS_DIR; };
/* End PBXFileReference section */

/* Begin PBXFrameworksBuildPhase section */
		89B74DFE219D34B300ACEF4E /* Frameworks */ = {
			isa = PBXFrameworksBuildPhase;
			buildActionMask = 2147483647;
			files = (
				1B2BC81C5F3763225F4DCF20 /* Pods_yhnote.framework in Frameworks */,
			);
			runOnlyForDeploymentPostprocessing = 0;
		};
/* End PBXFrameworksBuildPhase section */

/* Begin PBXGroup section */
		7450FCF047BC565DD382A3B0 /* Frameworks */ = {
			isa = PBXGroup;
			children = (
				F964C6BB2C5F9F723390CD0D /* Pods_yhnote.framework */,
			);
			name = Frameworks;
			sourceTree = "<group>";
		};
		89B74DF8219D34B300ACEF4E = {
			isa = PBXGroup;
			children = (
				89B74E03219D34B300ACEF4E /* yhnote */,
				89B74E02219D34B300ACEF4E /* Products */,
				F88132AD30658B24A9846FC0 /* Pods */,
				7450FCF047BC565DD382A3B0 /* Frameworks */,
			);
			sourceTree = "<group>";
		};
		89B74E02219D34B300ACEF4E /* Products */ = {
			isa = PBXGroup;
			children = (
				89B74E01219D34B300ACEF4E /* yhnote.app */,
			);
			name = Products;
			sourceTree = "<group>";
		};
		89B74E03219D34B300ACEF4E /* yhnote */ = {
			isa = PBXGroup;
			children = (
				89B74E24219D537C00ACEF4E /* Base */,
				89B74E1B219D42F200ACEF4E /* My Party */,
				89B74E17219D369C00ACEF4E /* Module */,
				89B74E16219D368200ACEF4E /* Support file */,
				89B74E06219D34B300ACEF4E /* ViewController.swift */,
				89B74E08219D34B300ACEF4E /* Main.storyboard */,
				89B74E10219D34B600ACEF4E /* Info.plist */,
			);
			path = yhnote;
			sourceTree = "<group>";
		};
		89B74E16219D368200ACEF4E /* Support file */ = {
			isa = PBXGroup;
			children = (
				89B74E22219D532F00ACEF4E /* yhnoteHeaders.swift */,
				89B74E0B219D34B600ACEF4E /* Assets.xcassets */,
				89B74E04219D34B300ACEF4E /* AppDelegate.swift */,
				89B74E0D219D34B600ACEF4E /* LaunchScreen.storyboard */,
			);
			path = "Support file";
			sourceTree = "<group>";
		};
		89B74E17219D369C00ACEF4E /* Module */ = {
			isa = PBXGroup;
			children = (
				89B74E18219D36D100ACEF4E /* Arithmetic */,
			);
			path = Module;
			sourceTree = "<group>";
		};
		89B74E18219D36D100ACEF4E /* Arithmetic */ = {
			isa = PBXGroup;
			children = (
				89B74E19219D3FF800ACEF4E /* CalculationController.swift */,
			);
			path = Arithmetic;
			sourceTree = "<group>";
		};
		89B74E1B219D42F200ACEF4E /* My Party */ = {
			isa = PBXGroup;
			children = (
				89B74E1F219D435A00ACEF4E /* SPCommons */,
				89B74E1C219D433400ACEF4E /* SPNoticeView */,
			);
			path = "My Party";
			sourceTree = "<group>";
		};
		89B74E1C219D433400ACEF4E /* SPNoticeView */ = {
			isa = PBXGroup;
			children = (
				89B74E1D219D433500ACEF4E /* SPNoticeView.swift */,
			);
			path = SPNoticeView;
			sourceTree = "<group>";
		};
		89B74E1F219D435A00ACEF4E /* SPCommons */ = {
			isa = PBXGroup;
			children = (
				89B74E20219D435A00ACEF4E /* SPCommon.swift */,
			);
			path = SPCommons;
			sourceTree = "<group>";
		};
		89B74E24219D537C00ACEF4E /* Base */ = {
			isa = PBXGroup;
			children = (
				89B74E25219D56F900ACEF4E /* BaseNavigationController.swift */,
			);
			path = Base;
			sourceTree = "<group>";
		};
		F88132AD30658B24A9846FC0 /* Pods */ = {
			isa = PBXGroup;
			children = (
				53DC6692D5EC2584BAFC8BCE /* Pods-yhnote.debug.xcconfig */,
				5ED6B84CDD76F81E32E8F027 /* Pods-yhnote.release.xcconfig */,
			);
			name = Pods;
			sourceTree = "<group>";
		};
/* End PBXGroup section */

/* Begin PBXNativeTarget section */
		89B74E00219D34B300ACEF4E /* yhnote */ = {
			isa = PBXNativeTarget;
			buildConfigurationList = 89B74E13219D34B600ACEF4E /* Build configuration list for PBXNativeTarget "yhnote" */;
			buildPhases = (
				BDEE3DA43B567E225F5ED67C /* [CP] Check Pods Manifest.lock */,
				89B74DFD219D34B300ACEF4E /* Sources */,
				89B74DFE219D34B300ACEF4E /* Frameworks */,
				89B74DFF219D34B300ACEF4E /* Resources */,
				05B6DDD99D3A0C68B65B28B5 /* [CP] Embed Pods Frameworks */,
			);
			buildRules = (
			);
			dependencies = (
			);
			name = yhnote;
			productName = yhnote;
			productReference = 89B74E01219D34B300ACEF4E /* yhnote.app */;
			productType = "com.apple.product-type.application";
		};
/* End PBXNativeTarget section */

/* Begin PBXProject section */
		89B74DF9219D34B300ACEF4E /* Project object */ = {
			isa = PBXProject;
			attributes = {
				LastSwiftUpdateCheck = 1010;
				LastUpgradeCheck = 1010;
				ORGANIZATIONNAME = sepeak;
				TargetAttributes = {
					89B74E00219D34B300ACEF4E = {
						CreatedOnToolsVersion = 10.1;
					};
				};
			};
			buildConfigurationList = 89B74DFC219D34B300ACEF4E /* Build configuration list for PBXProject "yhnote" */;
			compatibilityVersion = "Xcode 9.3";
			developmentRegion = en;
			hasScannedForEncodings = 0;
			knownRegions = (
				en,
				Base,
			);
			mainGroup = 89B74DF8219D34B300ACEF4E;
			productRefGroup = 89B74E02219D34B300ACEF4E /* Products */;
			projectDirPath = "";
			projectRoot = "";
			targets = (
				89B74E00219D34B300ACEF4E /* yhnote */,
			);
		};
/* End PBXProject section */

/* Begin PBXResourcesBuildPhase section */
		89B74DFF219D34B300ACEF4E /* Resources */ = {
			isa = PBXResourcesBuildPhase;
			buildActionMask = 2147483647;
			files = (
				89B74E0F219D34B600ACEF4E /* LaunchScreen.storyboard in Resources */,
				89B74E0C219D34B600ACEF4E /* Assets.xcassets in Resources */,
				89B74E0A219D34B300ACEF4E /* Main.storyboard in Resources */,
			);
			runOnlyForDeploymentPostprocessing = 0;
		};
/* End PBXResourcesBuildPhase section */

/* Begin PBXShellScriptBuildPhase section */
		05B6DDD99D3A0C68B65B28B5 /* [CP] Embed Pods Frameworks */ = {
			isa = PBXShellScriptBuildPhase;
			buildActionMask = 2147483647;
			files = (
			);
			inputFileListPaths = (
			);
			inputPaths = (
				"${SRCROOT}/Pods/Target Support Files/Pods-yhnote/Pods-yhnote-frameworks.sh",
				"${BUILT_PRODUCTS_DIR}/SnapKit/SnapKit.framework",
			);
			name = "[CP] Embed Pods Frameworks";
			outputFileListPaths = (
			);
			outputPaths = (
				"${TARGET_BUILD_DIR}/${FRAMEWORKS_FOLDER_PATH}/SnapKit.framework",
			);
			runOnlyForDeploymentPostprocessing = 0;
			shellPath = /bin/sh;
			shellScript = "\"${SRCROOT}/Pods/Target Support Files/Pods-yhnote/Pods-yhnote-frameworks.sh\"\n";
			showEnvVarsInLog = 0;
		};
		BDEE3DA43B567E225F5ED67C /* [CP] Check Pods Manifest.lock */ = {
			isa = PBXShellScriptBuildPhase;
			buildActionMask = 2147483647;
			files = (
			);
			inputFileListPaths = (
			);
			inputPaths = (
				"${PODS_PODFILE_DIR_PATH}/Podfile.lock",
				"${PODS_ROOT}/Manifest.lock",
			);
			name = "[CP] Check Pods Manifest.lock";
			outputFileListPaths = (
			);
			outputPaths = (
				"$(DERIVED_FILE_DIR)/Pods-yhnote-checkManifestLockResult.txt",
			);
			runOnlyForDeploymentPostprocessing = 0;
			shellPath = /bin/sh;
			shellScript = "diff \"${PODS_PODFILE_DIR_PATH}/Podfile.lock\" \"${PODS_ROOT}/Manifest.lock\" > /dev/null\nif [ $? != 0 ] ; then\n    # print error to STDERR\n    echo \"error: The sandbox is not in sync with the Podfile.lock. Run 'pod install' or update your CocoaPods installation.\" >&2\n    exit 1\nfi\n# This output is used by Xcode 'outputs' to avoid re-running this script phase.\necho \"SUCCESS\" > \"${SCRIPT_OUTPUT_FILE_0}\"\n";
			showEnvVarsInLog = 0;
		};
/* End PBXShellScriptBuildPhase section */

/* Begin PBXSourcesBuildPhase section */
		89B74DFD219D34B300ACEF4E /* Sources */ = {
			isa = PBXSourcesBuildPhase;
			buildActionMask = 2147483647;
			files = (
				89B74E21219D435A00ACEF4E /* SPCommon.swift in Sources */,
				89B74E26219D56F900ACEF4E /* BaseNavigationController.swift in Sources */,
				89B74E07219D34B300ACEF4E /* ViewController.swift in Sources */,
				89B74E1E219D433500ACEF4E /* SPNoticeView.swift in Sources */,
				89B74E1A219D3FF800ACEF4E /* CalculationController.swift in Sources */,
				89B74E05219D34B300ACEF4E /* AppDelegate.swift in Sources */,
				89B74E23219D532F00ACEF4E /* yhnoteHeaders.swift in Sources */,
			);
			runOnlyForDeploymentPostprocessing = 0;
		};
/* End PBXSourcesBuildPhase section */

/* Begin PBXVariantGroup section */
		89B74E08219D34B300ACEF4E /* Main.storyboard */ = {
			isa = PBXVariantGroup;
			children = (
				89B74E09219D34B300ACEF4E /* Base */,
			);
			name = Main.storyboard;
			sourceTree = "<group>";
		};
		89B74E0D219D34B600ACEF4E /* LaunchScreen.storyboard */ = {
			isa = PBXVariantGroup;
			children = (
				89B74E0E219D34B600ACEF4E /* Base */,
			);
			name = LaunchScreen.storyboard;
			sourceTree = "<group>";
		};
/* End PBXVariantGroup section */

/* Begin XCBuildConfiguration section */
		89B74E11219D34B600ACEF4E /* Debug */ = {
			isa = XCBuildConfiguration;
			buildSettings = {
				ALWAYS_SEARCH_USER_PATHS = NO;
				CLANG_ANALYZER_NONNULL = YES;
				CLANG_ANALYZER_NUMBER_OBJECT_CONVERSION = YES_AGGRESSIVE;
				CLANG_CXX_LANGUAGE_STANDARD = "gnu++14";
				CLANG_CXX_LIBRARY = "libc++";
				CLANG_ENABLE_MODULES = YES;
				CLANG_ENABLE_OBJC_ARC = YES;
				CLANG_ENABLE_OBJC_WEAK = YES;
				CLANG_WARN_BLOCK_CAPTURE_AUTORELEASING = YES;
				CLANG_WARN_BOOL_CONVERSION = YES;
				CLANG_WARN_COMMA = YES;
				CLANG_WARN_CONSTANT_CONVERSION = YES;
				CLANG_WARN_DEPRECATED_OBJC_IMPLEMENTATIONS = YES;
				CLANG_WARN_DIRECT_OBJC_ISA_USAGE = YES_ERROR;
				CLANG_WARN_DOCUMENTATION_COMMENTS = YES;
				CLANG_WARN_EMPTY_BODY = YES;
				CLANG_WARN_ENUM_CONVERSION = YES;
				CLANG_WARN_INFINITE_RECURSION = YES;
				CLANG_WARN_INT_CONVERSION = YES;
				CLANG_WARN_NON_LITERAL_NULL_CONVERSION = YES;
				CLANG_WARN_OBJC_IMPLICIT_RETAIN_SELF = YES;
				CLANG_WARN_OBJC_LITERAL_CONVERSION = YES;
				CLANG_WARN_OBJC_ROOT_CLASS = YES_ERROR;
				CLANG_WARN_RANGE_LOOP_ANALYSIS = YES;
				CLANG_WARN_STRICT_PROTOTYPES = YES;
				CLANG_WARN_SUSPICIOUS_MOVE = YES;
				CLANG_WARN_UNGUARDED_AVAILABILITY = YES_AGGRESSIVE;
				CLANG_WARN_UNREACHABLE_CODE = YES;
				CLANG_WARN__DUPLICATE_METHOD_MATCH = YES;
				CODE_SIGN_IDENTITY = "iPhone Developer";
				COPY_PHASE_STRIP = NO;
				DEBUG_INFORMATION_FORMAT = dwarf;
				ENABLE_STRICT_OBJC_MSGSEND = YES;
				ENABLE_TESTABILITY = YES;
				GCC_C_LANGUAGE_STANDARD = gnu11;
				GCC_DYNAMIC_NO_PIC = NO;
				GCC_NO_COMMON_BLOCKS = YES;
				GCC_OPTIMIZATION_LEVEL = 0;
				GCC_PREPROCESSOR_DEFINITIONS = (
					"DEBUG=1",
					"$(inherited)",
				);
				GCC_WARN_64_TO_32_BIT_CONVERSION = YES;
				GCC_WARN_ABOUT_RETURN_TYPE = YES_ERROR;
				GCC_WARN_UNDECLARED_SELECTOR = YES;
				GCC_WARN_UNINITIALIZED_AUTOS = YES_AGGRESSIVE;
				GCC_WARN_UNUSED_FUNCTION = YES;
				GCC_WARN_UNUSED_VARIABLE = YES;
				IPHONEOS_DEPLOYMENT_TARGET = 12.1;
				MTL_ENABLE_DEBUG_INFO = INCLUDE_SOURCE;
				MTL_FAST_MATH = YES;
				ONLY_ACTIVE_ARCH = YES;
				SDKROOT = iphoneos;
				SWIFT_ACTIVE_COMPILATION_CONDITIONS = DEBUG;
				SWIFT_OPTIMIZATION_LEVEL = "-Onone";
			};
			name = Debug;
		};
		89B74E12219D34B600ACEF4E /* Release */ = {
			isa = XCBuildConfiguration;
			buildSettings = {
				ALWAYS_SEARCH_USER_PATHS = NO;
				CLANG_ANALYZER_NONNULL = YES;
				CLANG_ANALYZER_NUMBER_OBJECT_CONVERSION = YES_AGGRESSIVE;
				CLANG_CXX_LANGUAGE_STANDARD = "gnu++14";
				CLANG_CXX_LIBRARY = "libc++";
				CLANG_ENABLE_MODULES = YES;
				CLANG_ENABLE_OBJC_ARC = YES;
				CLANG_ENABLE_OBJC_WEAK = YES;
				CLANG_WARN_BLOCK_CAPTURE_AUTORELEASING = YES;
				CLANG_WARN_BOOL_CONVERSION = YES;
				CLANG_WARN_COMMA = YES;
				CLANG_WARN_CONSTANT_CONVERSION = YES;
				CLANG_WARN_DEPRECATED_OBJC_IMPLEMENTATIONS = YES;
				CLANG_WARN_DIRECT_OBJC_ISA_USAGE = YES_ERROR;
				CLANG_WARN_DOCUMENTATION_COMMENTS = YES;
				CLANG_WARN_EMPTY_BODY = YES;
				CLANG_WARN_ENUM_CONVERSION = YES;
				CLANG_WARN_INFINITE_RECURSION = YES;
				CLANG_WARN_INT_CONVERSION = YES;
				CLANG_WARN_NON_LITERAL_NULL_CONVERSION = YES;
				CLANG_WARN_OBJC_IMPLICIT_RETAIN_SELF = YES;
				CLANG_WARN_OBJC_LITERAL_CONVERSION = YES;
				CLANG_WARN_OBJC_ROOT_CLASS = YES_ERROR;
				CLANG_WARN_RANGE_LOOP_ANALYSIS = YES;
				CLANG_WARN_STRICT_PROTOTYPES = YES;
				CLANG_WARN_SUSPICIOUS_MOVE = YES;
				CLANG_WARN_UNGUARDED_AVAILABILITY = YES_AGGRESSIVE;
				CLANG_WARN_UNREACHABLE_CODE = YES;
				CLANG_WARN__DUPLICATE_METHOD_MATCH = YES;
				CODE_SIGN_IDENTITY = "iPhone Developer";
				COPY_PHASE_STRIP = NO;
				DEBUG_INFORMATION_FORMAT = "dwarf-with-dsym";
				ENABLE_NS_ASSERTIONS = NO;
				ENABLE_STRICT_OBJC_MSGSEND = YES;
				GCC_C_LANGUAGE_STANDARD = gnu11;
				GCC_NO_COMMON_BLOCKS = YES;
				GCC_WARN_64_TO_32_BIT_CONVERSION = YES;
				GCC_WARN_ABOUT_RETURN_TYPE = YES_ERROR;
				GCC_WARN_UNDECLARED_SELECTOR = YES;
				GCC_WARN_UNINITIALIZED_AUTOS = YES_AGGRESSIVE;
				GCC_WARN_UNUSED_FUNCTION = YES;
				GCC_WARN_UNUSED_VARIABLE = YES;
				IPHONEOS_DEPLOYMENT_TARGET = 12.1;
				MTL_ENABLE_DEBUG_INFO = NO;
				MTL_FAST_MATH = YES;
				SDKROOT = iphoneos;
				SWIFT_COMPILATION_MODE = wholemodule;
				SWIFT_OPTIMIZATION_LEVEL = "-O";
				VALIDATE_PRODUCT = YES;
			};
			name = Release;
		};
		89B74E14219D34B600ACEF4E /* Debug */ = {
			isa = XCBuildConfiguration;
			baseConfigurationReference = 53DC6692D5EC2584BAFC8BCE /* Pods-yhnote.debug.xcconfig */;
			buildSettings = {
				ASSETCATALOG_COMPILER_APPICON_NAME = AppIcon;
				CODE_SIGN_STYLE = Automatic;
				DEVELOPMENT_TEAM = QNW8779W53;
				INFOPLIST_FILE = yhnote/Info.plist;
				IPHONEOS_DEPLOYMENT_TARGET = 9.0;
				LD_RUNPATH_SEARCH_PATHS = (
					"$(inherited)",
					"@executable_path/Frameworks",
				);
				PRODUCT_BUNDLE_IDENTIFIER = me.sepeak.yhnote;
				PRODUCT_NAME = "$(TARGET_NAME)";
				SWIFT_VERSION = 4.2;
				TARGETED_DEVICE_FAMILY = "1,2";
			};
			name = Debug;
		};
		89B74E15219D34B600ACEF4E /* Release */ = {
			isa = XCBuildConfiguration;
			baseConfigurationReference = 5ED6B84CDD76F81E32E8F027 /* Pods-yhnote.release.xcconfig */;
			buildSettings = {
				ASSETCATALOG_COMPILER_APPICON_NAME = AppIcon;
				CODE_SIGN_STYLE = Automatic;
				DEVELOPMENT_TEAM = QNW8779W53;
				INFOPLIST_FILE = yhnote/Info.plist;
				IPHONEOS_DEPLOYMENT_TARGET = 9.0;
				LD_RUNPATH_SEARCH_PATHS = (
					"$(inherited)",
					"@executable_path/Frameworks",
				);
				PRODUCT_BUNDLE_IDENTIFIER = me.sepeak.yhnote;
				PRODUCT_NAME = "$(TARGET_NAME)";
				SWIFT_VERSION = 4.2;
				TARGETED_DEVICE_FAMILY = "1,2";
			};
			name = Release;
		};
/* End XCBuildConfiguration section */

/* Begin XCConfigurationList section */
		89B74DFC219D34B300ACEF4E /* Build configuration list for PBXProject "yhnote" */ = {
			isa = XCConfigurationList;
			buildConfigurations = (
				89B74E11219D34B600ACEF4E /* Debug */,
				89B74E12219D34B600ACEF4E /* Release */,
			);
			defaultConfigurationIsVisible = 0;
			defaultConfigurationName = Release;
		};
		89B74E13219D34B600ACEF4E /* Build configuration list for PBXNativeTarget "yhnote" */ = {
			isa = XCConfigurationList;
			buildConfigurations = (
				89B74E14219D34B600ACEF4E /* Debug */,
				89B74E15219D34B600ACEF4E /* Release */,
			);
			defaultConfigurationIsVisible = 0;
			defaultConfigurationName = Release;
		};
/* End XCConfigurationList section */
	};
	rootObject = 89B74DF9219D34B300ACEF4E /* Project object */;
}
